
Microsoft Visual Studio Solution File, Format Version 12.00
# Visual Studio 15
VisualStudioVersion = 15.0.28307.1705
MinimumVisualStudioVersion = 10.0.40219.1
Project("{8BC9CEB8-8B4A-11D0-8D11-00A0C91BC942}") = "5.28", "5.28\5.28.vcxproj", "{39020A2C-1DF5-4973-811E-EC1843E07CCB}"
EndProject
Global
	GlobalSection(SolutionConfigurationPlatforms) = preSolution
		Debug|x64 = Debug|x64
		Debug|x86 = Debug|x86
		Release|x64 = Release|x64
		Release|x86 = Release|x86
	EndGlobalSection
	GlobalSection(ProjectConfigurationPlatforms) = postSolution
		{39020A2C-1DF5-4973-811E-EC1843E07CCB}.Debug|x64.ActiveCfg = Debug|x64
		{39020A2C-1DF5-4973-811E-EC1843E07CCB}.Debug|x64.Build.0 = Debug|x64
		{39020A2C-1DF5-4973-811E-EC1843E07CCB}.Debug|x86.ActiveCfg = Debug|Win32
		{39020A2C-1DF5-4973-811E-EC1843E07CCB}.Debug|x86.Build.0 = Debug|Win32
		{39020A2C-1DF5-4973-811E-EC1843E07CCB}.Release|x64.ActiveCfg = Release|x64
		{39020A2C-1DF5-4973-811E-EC1843E07CCB}.Release|x64.Build.0 = Release|x64
		{39020A2C-1DF5-4973-811E-EC1843E07CCB}.Release|x86.ActiveCfg = Release|Win32
		{39020A2C-1DF5-4973-811E-EC1843E07CCB}.Release|x86.Build.0 = Release|Win32
	EndGlobalSection
	GlobalSection(SolutionProperties) = preSolution
		HideSolutionNode = FALSE
	EndGlobalSection
	GlobalSection(ExtensibilityGlobals) = postSolution
		SolutionGuid = {E51A0A56-8993-4950-A0F1-718A621984DE}
	EndGlobalSection
EndGlobal
